// !$*UTF8*$!
{
	archiveVersion = 1;
	classes = {
	};
	objectVersion = 56;
	objects = {

/* Begin PBXBuildFile section */
		21B6EE7329E95F7D005A0A83 /* AppDelegate.swift in Sources */ = {isa = PBXBuildFile; fileRef = 21B6EE7229E95F7D005A0A83 /* AppDelegate.swift */; };
		21B6EE7529E95F7D005A0A83 /* SceneDelegate.swift in Sources */ = {isa = PBXBuildFile; fileRef = 21B6EE7429E95F7D005A0A83 /* SceneDelegate.swift */; };
		21B6EE7729E95F7D005A0A83 /* ViewController.swift in Sources */ = {isa = PBXBuildFile; fileRef = 21B6EE7629E95F7D005A0A83 /* ViewController.swift */; };
		21B6EE7A29E95F7D005A0A83 /* Main.storyboard in Resources */ = {isa = PBXBuildFile; fileRef = 21B6EE7829E95F7D005A0A83 /* Main.storyboard */; };
		21B6EE7C29E95F7E005A0A83 /* Assets.xcassets in Resources */ = {isa = PBXBuildFile; fileRef = 21B6EE7B29E95F7E005A0A83 /* Assets.xcassets */; };
		21B6EE7F29E95F7E005A0A83 /* LaunchScreen.storyboard in Resources */ = {isa = PBXBuildFile; fileRef = 21B6EE7D29E95F7E005A0A83 /* LaunchScreen.storyboard */; };
		21B6EE8929E96136005A0A83 /* data.json in Resources */ = {isa = PBXBuildFile; fileRef = 21B6EE8829E96136005A0A83 /* data.json */; };
		21B6EE8B29E96C4D005A0A83 /* Models.swift in Sources */ = {isa = PBXBuildFile; fileRef = 21B6EE8A29E96C4D005A0A83 /* Models.swift */; };
/* End PBXBuildFile section */

/* Begin PBXFileReference section */
		21B6EE6F29E95F7D005A0A83 /* FileParsingJson.app */ = {isa = PBXFileReference; explicitFileType = wrapper.application; includeInIndex = 0; path = FileParsingJson.app; sourceTree = BUILT_PRODUCTS_DIR; };
		21B6EE7229E95F7D005A0A83 /* AppDelegate.swift */ = {isa = PBXFileReference; lastKnownFileType = sourcecode.swift; path = AppDelegate.swift; sourceTree = "<group>"; };
		21B6EE7429E95F7D005A0A83 /* SceneDelegate.swift */ = {isa = PBXFileReference; lastKnownFileType = sourcecode.swift; path = SceneDelegate.swift; sourceTree = "<group>"; };
		21B6EE7629E95F7D005A0A83 /* ViewController.swift */ = {isa = PBXFileReference; lastKnownFileType = sourcecode.swift; path = ViewController.swift; sourceTree = "<group>"; };
		21B6EE7929E95F7D005A0A83 /* Base */ = {isa = PBXFileReference; lastKnownFileType = file.storyboard; name = Base; path = Base.lproj/Main.storyboard; sourceTree = "<group>"; };
		21B6EE7B29E95F7E005A0A83 /* Assets.xcassets */ = {isa = PBXFileReference; lastKnownFileType = folder.assetcatalog; path = Assets.xcassets; sourceTree = "<group>"; };
		21B6EE7E29E95F7E005A0A83 /* Base */ = {isa = PBXFileReference; lastKnownFileType = file.storyboard; name = Base; path = Base.lproj/LaunchScreen.storyboard; sourceTree = "<group>"; };
		21B6EE8029E95F7E005A0A83 /* Info.plist */ = {isa = PBXFileReference; lastKnownFileType = text.plist.xml; path = Info.plist; sourceTree = "<group>"; };
		21B6EE8829E96136005A0A83 /* data.json */ = {isa = PBXFileReference; fileEncoding = 4; lastKnownFileType = text.json; path = data.json; sourceTree = SOURCE_ROOT; };
		21B6EE8A29E96C4D005A0A83 /* Models.swift */ = {isa = PBXFileReference; lastKnownFileType = sourcecode.swift; path = Models.swift; sourceTree = "<group>"; };
/* End PBXFileReference section */

/* Begin PBXFrameworksBuildPhase section */
		21B6EE6C29E95F7D005A0A83 /* Frameworks */ = {
			isa = PBXFrameworksBuildPhase;
			buildActionMask = 2147483647;
			files = (
			);
			runOnlyForDeploymentPostprocessing = 0;
		};
/* End PBXFrameworksBuildPhase section */

/* Begin PBXGroup section */
		21B6EE6629E95F7D005A0A83 = {
			isa = PBXGroup;
			children = (
				21B6EE7129E95F7D005A0A83 /* FileParsingJson */,
				21B6EE7029E95F7D005A0A83 /* Products */,
			);
			sourceTree = "<group>";
		};
		21B6EE7029E95F7D005A0A83 /* Products */ = {
			isa = PBXGroup;
			children = (
				21B6EE6F29E95F7D005A0A83 /* FileParsingJson.app */,
			);
			name = Products;
			sourceTree = "<group>";
		};
		21B6EE7129E95F7D005A0A83 /* FileParsingJson */ = {
			isa = PBXGroup;
			children = (
				21B6EE8829E96136005A0A83 /* data.json */,
				21B6EE7229E95F7D005A0A83 /* AppDelegate.swift */,
				21B6EE7429E95F7D005A0A83 /* SceneDelegate.swift */,
				21B6EE7629E95F7D005A0A83 /* ViewController.swift */,
				21B6EE8A29E96C4D005A0A83 /* Models.swift */,
				21B6EE7829E95F7D005A0A83 /* Main.storyboard */,
				21B6EE7B29E95F7E005A0A83 /* Assets.xcassets */,
				21B6EE7D29E95F7E005A0A83 /* LaunchScreen.storyboard */,
				21B6EE8029E95F7E005A0A83 /* Info.plist */,
			);
			path = FileParsingJson;
			sourceTree = "<group>";
		};
/* End PBXGroup section */

/* Begin PBXNativeTarget section */
		21B6EE6E29E95F7D005A0A83 /* FileParsingJson */ = {
			isa = PBXNativeTarget;
			buildConfigurationList = 21B6EE8329E95F7E005A0A83 /* Build configuration list for PBXNativeTarget "FileParsingJson" */;
			buildPhases = (
				21B6EE6B29E95F7D005A0A83 /* Sources */,
				21B6EE6C29E95F7D005A0A83 /* Frameworks */,
				21B6EE6D29E95F7D005A0A83 /* Resources */,
			);
			buildRules = (
			);
			dependencies = (
			);
			name = FileParsingJson;
			productName = FileParsingJson;
			productReference = 21B6EE6F29E95F7D005A0A83 /* FileParsingJson.app */;
			productType = "com.apple.product-type.application";
		};
/* End PBXNativeTarget section */

/* Begin PBXProject section */
		21B6EE6729E95F7D005A0A83 /* Project object */ = {
			isa = PBXProject;
			attributes = {
				BuildIndependentTargetsInParallel = 1;
				LastSwiftUpdateCheck = 1420;
				LastUpgradeCheck = 1420;
				TargetAttributes = {
					21B6EE6E29E95F7D005A0A83 = {
						CreatedOnToolsVersion = 14.2;
					};
				};
			};
			buildConfigurationList = 21B6EE6A29E95F7D005A0A83 /* Build configuration list for PBXProject "FileParsingJson" */;
			compatibilityVersion = "Xcode 14.0";
			developmentRegion = en;
			hasScannedForEncodings = 0;
			knownRegions = (
				en,
				Base,
			);
			mainGroup = 21B6EE6629E95F7D005A0A83;
			productRefGroup = 21B6EE7029E95F7D005A0A83 /* Products */;
			projectDirPath = "";
			projectRoot = "";
			targets = (
				21B6EE6E29E95F7D005A0A83 /* FileParsingJson */,
			);
		};
/* End PBXProject section */

/* Begin PBXResourcesBuildPhase section */
		21B6EE6D29E95F7D005A0A83 /* Resources */ = {
			isa = PBXResourcesBuildPhase;
			buildActionMask = 2147483647;
			files = (
				21B6EE7F29E95F7E005A0A83 /* LaunchScreen.storyboard in Resources */,
				21B6EE7C29E95F7E005A0A83 /* Assets.xcassets in Resources */,
				21B6EE7A29E95F7D005A0A83 /* Main.storyboard in Resources */,
				21B6EE8929E96136005A0A83 /* data.json in Resources */,
			);
			runOnlyForDeploymentPostprocessing = 0;
		};
/* End PBXResourcesBuildPhase section */

/* Begin PBXSourcesBuildPhase section */
		21B6EE6B29E95F7D005A0A83 /* Sources */ = {
			isa = PBXSourcesBuildPhase;
			buildActionMask = 2147483647;
			files = (
				21B6EE7729E95F7D005A0A83 /* ViewController.swift in Sources */,
				21B6EE7329E95F7D005A0A83 /* AppDelegate.swift in Sources */,
				21B6EE7529E95F7D005A0A83 /* SceneDelegate.swift in Sources */,
				21B6EE8B29E96C4D005A0A83 /* Models.swift in Sources */,
			);
			runOnlyForDeploymentPostprocessing = 0;
		};
/* End PBXSourcesBuildPhase section */

/* Begin PBXVariantGroup section */
		21B6EE7829E95F7D005A0A83 /* Main.storyboard */ = {
			isa = PBXVariantGroup;
			children = (
				21B6EE7929E95F7D005A0A83 /* Base */,
			);
			name = Main.storyboard;
			sourceTree = "<group>";
		};
		21B6EE7D29E95F7E005A0A83 /* LaunchScreen.storyboard */ = {
			isa = PBXVariantGroup;
			children = (
				21B6EE7E29E95F7E005A0A83 /* Base */,
			);
			name = LaunchScreen.storyboard;
			sourceTree = "<group>";
		};
/* End PBXVariantGroup section */

/* Begin XCBuildConfiguration section */
		21B6EE8129E95F7E005A0A83 /* Debug */ = {
			isa = XCBuildConfiguration;
			buildSettings = {
				ALWAYS_SEARCH_USER_PATHS = NO;
				CLANG_ANALYZER_NONNULL = YES;
				CLANG_ANALYZER_NUMBER_OBJECT_CONVERSION = YES_AGGRESSIVE;
				CLANG_CXX_LANGUAGE_STANDARD = "gnu++20";
				CLANG_ENABLE_MODULES = YES;
				CLANG_ENABLE_OBJC_ARC = YES;
				CLANG_ENABLE_OBJC_WEAK = YES;
				CLANG_WARN_BLOCK_CAPTURE_AUTORELEASING = YES;
				CLANG_WARN_BOOL_CONVERSION = YES;
				CLANG_WARN_COMMA = YES;
				CLANG_WARN_CONSTANT_CONVERSION = YES;
				CLANG_WARN_DEPRECATED_OBJC_IMPLEMENTATIONS = YES;
				CLANG_WARN_DIRECT_OBJC_ISA_USAGE = YES_ERROR;
				CLANG_WARN_DOCUMENTATION_COMMENTS = YES;
				CLANG_WARN_EMPTY_BODY = YES;
				CLANG_WARN_ENUM_CONVERSION = YES;
				CLANG_WARN_INFINITE_RECURSION = YES;
				CLANG_WARN_INT_CONVERSION = YES;
				CLANG_WARN_NON_LITERAL_NULL_CONVERSION = YES;
				CLANG_WARN_OBJC_IMPLICIT_RETAIN_SELF = YES;
				CLANG_WARN_OBJC_LITERAL_CONVERSION = YES;
				CLANG_WARN_OBJC_ROOT_CLASS = YES_ERROR;
				CLANG_WARN_QUOTED_INCLUDE_IN_FRAMEWORK_HEADER = YES;
				CLANG_WARN_RANGE_LOOP_ANALYSIS = YES;
				CLANG_WARN_STRICT_PROTOTYPES = YES;
				CLANG_WARN_SUSPICIOUS_MOVE = YES;
				CLANG_WARN_UNGUARDED_AVAILABILITY = YES_AGGRESSIVE;
				CLANG_WARN_UNREACHABLE_CODE = YES;
				CLANG_WARN__DUPLICATE_METHOD_MATCH = YES;
				COPY_PHASE_STRIP = NO;
				DEBUG_INFORMATION_FORMAT = dwarf;
				ENABLE_STRICT_OBJC_MSGSEND = YES;
				ENABLE_TESTABILITY = YES;
				GCC_C_LANGUAGE_STANDARD = gnu11;
				GCC_DYNAMIC_NO_PIC = NO;
				GCC_NO_COMMON_BLOCKS = YES;
				GCC_OPTIMIZATION_LEVEL = 0;
				GCC_PREPROCESSOR_DEFINITIONS = (
					"DEBUG=1",
					"$(inherited)",
				);
				GCC_WARN_64_TO_32_BIT_CONVERSION = YES;
				GCC_WARN_ABOUT_RETURN_TYPE = YES_ERROR;
				GCC_WARN_UNDECLARED_SELECTOR = YES;
				GCC_WARN_UNINITIALIZED_AUTOS = YES_AGGRESSIVE;
				GCC_WARN_UNUSED_FUNCTION = YES;
				GCC_WARN_UNUSED_VARIABLE = YES;
				IPHONEOS_DEPLOYMENT_TARGET = 16.2;
				MTL_ENABLE_DEBUG_INFO = INCLUDE_SOURCE;
				MTL_FAST_MATH = YES;
				ONLY_ACTIVE_ARCH = YES;
				SDKROOT = iphoneos;
				SWIFT_ACTIVE_COMPILATION_CONDITIONS = DEBUG;
				SWIFT_OPTIMIZATION_LEVEL = "-Onone";
			};
			name = Debug;
		};
		21B6EE8229E95F7E005A0A83 /* Release */ = {
			isa = XCBuildConfiguration;
			buildSettings = {
				ALWAYS_SEARCH_USER_PATHS = NO;
				CLANG_ANALYZER_NONNULL = YES;
				CLANG_ANALYZER_NUMBER_OBJECT_CONVERSION = YES_AGGRESSIVE;
				CLANG_CXX_LANGUAGE_STANDARD = "gnu++20";
				CLANG_ENABLE_MODULES = YES;
				CLANG_ENABLE_OBJC_ARC = YES;
				CLANG_ENABLE_OBJC_WEAK = YES;
				CLANG_WARN_BLOCK_CAPTURE_AUTORELEASING = YES;
				CLANG_WARN_BOOL_CONVERSION = YES;
				CLANG_WARN_COMMA = YES;
				CLANG_WARN_CONSTANT_CONVERSION = YES;
				CLANG_WARN_DEPRECATED_OBJC_IMPLEMENTATIONS = YES;
				CLANG_WARN_DIRECT_OBJC_ISA_USAGE = YES_ERROR;
				CLANG_WARN_DOCUMENTATION_COMMENTS = YES;
				CLANG_WARN_EMPTY_BODY = YES;
				CLANG_WARN_ENUM_CONVERSION = YES;
				CLANG_WARN_INFINITE_RECURSION = YES;
				CLANG_WARN_INT_CONVERSION = YES;
				CLANG_WARN_NON_LITERAL_NULL_CONVERSION = YES;
				CLANG_WARN_OBJC_IMPLICIT_RETAIN_SELF = YES;
				CLANG_WARN_OBJC_LITERAL_CONVERSION = YES;
				CLANG_WARN_OBJC_ROOT_CLASS = YES_ERROR;
				CLANG_WARN_QUOTED_INCLUDE_IN_FRAMEWORK_HEADER = YES;
				CLANG_WARN_RANGE_LOOP_ANALYSIS = YES;
				CLANG_WARN_STRICT_PROTOTYPES = YES;
				CLANG_WARN_SUSPICIOUS_MOVE = YES;
				CLANG_WARN_UNGUARDED_AVAILABILITY = YES_AGGRESSIVE;
				CLANG_WARN_UNREACHABLE_CODE = YES;
				CLANG_WARN__DUPLICATE_METHOD_MATCH = YES;
				COPY_PHASE_STRIP = NO;
				DEBUG_INFORMATION_FORMAT = "dwarf-with-dsym";
				ENABLE_NS_ASSERTIONS = NO;
				ENABLE_STRICT_OBJC_MSGSEND = YES;
				GCC_C_LANGUAGE_STANDARD = gnu11;
				GCC_NO_COMMON_BLOCKS = YES;
				GCC_WARN_64_TO_32_BIT_CONVERSION = YES;
				GCC_WARN_ABOUT_RETURN_TYPE = YES_ERROR;
				GCC_WARN_UNDECLARED_SELECTOR = YES;
				GCC_WARN_UNINITIALIZED_AUTOS = YES_AGGRESSIVE;
				GCC_WARN_UNUSED_FUNCTION = YES;
				GCC_WARN_UNUSED_VARIABLE = YES;
				IPHONEOS_DEPLOYMENT_TARGET = 16.2;
				MTL_ENABLE_DEBUG_INFO = NO;
				MTL_FAST_MATH = YES;
				SDKROOT = iphoneos;
				SWIFT_COMPILATION_MODE = wholemodule;
				SWIFT_OPTIMIZATION_LEVEL = "-O";
				VALIDATE_PRODUCT = YES;
			};
			name = Release;
		};
		21B6EE8429E95F7E005A0A83 /* Debug */ = {
			isa = XCBuildConfiguration;
			buildSettings = {
				ASSETCATALOG_COMPILER_APPICON_NAME = AppIcon;
				ASSETCATALOG_COMPILER_GLOBAL_ACCENT_COLOR_NAME = AccentColor;
				CODE_SIGN_STYLE = Automatic;
				CURRENT_PROJECT_VERSION = 1;
				DEVELOPMENT_TEAM = BAHUM2K72T;
				GENERATE_INFOPLIST_FILE = YES;
				INFOPLIST_FILE = FileParsingJson/Info.plist;
				INFOPLIST_KEY_UIApplicationSupportsIndirectInputEvents = YES;
				INFOPLIST_KEY_UILaunchStoryboardName = LaunchScreen;
				INFOPLIST_KEY_UIMainStoryboardFile = Main;
				INFOPLIST_KEY_UISupportedInterfaceOrientations_iPad = "UIInterfaceOrientationPortrait UIInterfaceOrientationPortraitUpsideDown UIInterfaceOrientationLandscapeLeft UIInterfaceOrientationLandscapeRight";
				INFOPLIST_KEY_UISupportedInterfaceOrientations_iPhone = "UIInterfaceOrientationPortrait UIInterfaceOrientationLandscapeLeft UIInterfaceOrientationLandscapeRight";
				LD_RUNPATH_SEARCH_PATHS = (
					"$(inherited)",
					"@executable_path/Frameworks",
				);
				MARKETING_VERSION = 1.0;
				PRODUCT_BUNDLE_IDENTIFIER = ahmetcantopcu.FileParsingJson;
				PRODUCT_NAME = "$(TARGET_NAME)";
				SWIFT_EMIT_LOC_STRINGS = YES;
				SWIFT_VERSION = 5.0;
				TARGETED_DEVICE_FAMILY = "1,2";
			};
			name = Debug;
		};
		21B6EE8529E95F7E005A0A83 /* Release */ = {
			isa = XCBuildConfiguration;
			buildSettings = {
				ASSETCATALOG_COMPILER_APPICON_NAME = AppIcon;
				ASSETCATALOG_COMPILER_GLOBAL_ACCENT_COLOR_NAME = AccentColor;
				CODE_SIGN_STYLE = Automatic;
				CURRENT_PROJECT_VERSION = 1;
				DEVELOPMENT_TEAM = BAHUM2K72T;
				GENERATE_INFOPLIST_FILE = YES;
				INFOPLIST_FILE = FileParsingJson/Info.plist;
				INFOPLIST_KEY_UIApplicationSupportsIndirectInputEvents = YES;
				INFOPLIST_KEY_UILaunchStoryboardName = LaunchScreen;
				INFOPLIST_KEY_UIMainStoryboardFile = Main;
				INFOPLIST_KEY_UISupportedInterfaceOrientations_iPad = "UIInterfaceOrientationPortrait UIInterfaceOrientationPortraitUpsideDown UIInterfaceOrientationLandscapeLeft UIInterfaceOrientationLandscapeRight";
				INFOPLIST_KEY_UISupportedInterfaceOrientations_iPhone = "UIInterfaceOrientationPortrait UIInterfaceOrientationLandscapeLeft UIInterfaceOrientationLandscapeRight";
				LD_RUNPATH_SEARCH_PATHS = (
					"$(inherited)",
					"@executable_path/Frameworks",
				);
				MARKETING_VERSION = 1.0;
				PRODUCT_BUNDLE_IDENTIFIER = ahmetcantopcu.FileParsingJson;
				PRODUCT_NAME = "$(TARGET_NAME)";
				SWIFT_EMIT_LOC_STRINGS = YES;
				SWIFT_VERSION = 5.0;
				TARGETED_DEVICE_FAMILY = "1,2";
			};
			name = Release;
		};
/* End XCBuildConfiguration section */

/* Begin XCConfigurationList section */
		21B6EE6A29E95F7D005A0A83 /* Build configuration list for PBXProject "FileParsingJson" */ = {
			isa = XCConfigurationList;
			buildConfigurations = (
				21B6EE8129E95F7E005A0A83 /* Debug */,
				21B6EE8229E95F7E005A0A83 /* Release */,
			);
			defaultConfigurationIsVisible = 0;
			defaultConfigurationName = Release;
		};
		21B6EE8329E95F7E005A0A83 /* Build configuration list for PBXNativeTarget "FileParsingJson" */ = {
			isa = XCConfigurationList;
			buildConfigurations = (
				21B6EE8429E95F7E005A0A83 /* Debug */,
				21B6EE8529E95F7E005A0A83 /* Release */,
			);
			defaultConfigurationIsVisible = 0;
			defaultConfigurationName = Release;
		};
/* End XCConfigurationList section */
	};
	rootObject = 21B6EE6729E95F7D005A0A83 /* Project object */;
}
